
Microsoft Visual Studio Solution File, Format Version 12.00
# Visual Studio Version 17
VisualStudioVersion = 17.5.002.0
MinimumVisualStudioVersion = 10.0.40219.1
Project("{2150E333-8FDC-42A3-9474-1A3956D46DE8}") = "prepare", "prepare", "{63245E83-635D-4C68-9FCA-2E9E9352ACF3}"
EndProject
Project("{9A19103F-16F7-4668-BE54-9A1E7A4F7556}") = "Learning02", "prepare\Learning02\Learning02.csproj", "{159F06A4-2C6F-45B4-8C31-48CA55E38B4B}"
EndProject
Project("{9A19103F-16F7-4668-BE54-9A1E7A4F7556}") = "Learning05", "prepare\Learning05\Learning05.csproj", "{4EE5E14F-415B-4753-805E-1DE02E713142}"
EndProject
Project("{9A19103F-16F7-4668-BE54-9A1E7A4F7556}") = "Learning04", "prepare\Learning04\Learning04.csproj", "{53A0A6B9-B14B-4B43-94ED-2535283748C7}"
EndProject
Project("{9A19103F-16F7-4668-BE54-9A1E7A4F7556}") = "Learning03", "prepare\Learning03\Learning03.csproj", "{C33F9072-24E4-4B08-A990-7A25E1BF1777}"
EndProject
Project("{2150E333-8FDC-42A3-9474-1A3956D46DE8}") = "prove", "prove", "{140F3764-828E-49C9-9DE5-D0BAAFDA9129}"
EndProject
Project("{9A19103F-16F7-4668-BE54-9A1E7A4F7556}") = "Develop03", "prove\Develop03\Develop03.csproj", "{5B465182-ACF1-403E-8EA2-F0A9EF18141C}"
EndProject
Project("{9A19103F-16F7-4668-BE54-9A1E7A4F7556}") = "Develop04", "prove\Develop04\Develop04.csproj", "{BBE08510-FBA0-45D8-A930-983704C0EF30}"
EndProject
Project("{9A19103F-16F7-4668-BE54-9A1E7A4F7556}") = "Develop05", "prove\Develop05\Develop05.csproj", "{0B35AB73-A585-4E3C-ADA4-E66D38BA8283}"
EndProject
Project("{9A19103F-16F7-4668-BE54-9A1E7A4F7556}") = "Develop02", "prove\Develop02\Develop02.csproj", "{EE50A4BE-CB6F-4768-BE49-6EFBAE1E01AE}"
EndProject
Project("{2150E333-8FDC-42A3-9474-1A3956D46DE8}") = "sandbox", "sandbox", "{62E8F1DA-18A6-4486-BC20-807474497E3B}"
EndProject
Project("{9A19103F-16F7-4668-BE54-9A1E7A4F7556}") = "Sandbox", "sandbox\Sandbox\Sandbox.csproj", "{5399FFD0-5A04-4B2C-A3EF-8777A58D4F67}"
EndProject
Project("{2150E333-8FDC-42A3-9474-1A3956D46DE8}") = "final", "final", "{B6F9A3DF-6D77-4FAB-940D-77E1E0782483}"
EndProject
Project("{9A19103F-16F7-4668-BE54-9A1E7A4F7556}") = "FinalProject", "final\FinalProject\FinalProject.csproj", "{720E05C7-4AD4-4DE2-B179-64FC82304CD9}"
EndProject
Project("{9A19103F-16F7-4668-BE54-9A1E7A4F7556}") = "Foundation1", "final\Foundation1\Foundation1.csproj", "{5F10DE16-D094-4A81-92B1-1F1BA8C08CAD}"
EndProject
Project("{9A19103F-16F7-4668-BE54-9A1E7A4F7556}") = "Foundation4", "final\Foundation4\Foundation4.csproj", "{30A35E38-20FB-4737-BED0-ADB28140A737}"
EndProject
Project("{9A19103F-16F7-4668-BE54-9A1E7A4F7556}") = "Foundation3", "final\Foundation3\Foundation3.csproj", "{1332C774-3FF5-4F0F-93CB-7428FEB784B3}"
EndProject
Project("{9A19103F-16F7-4668-BE54-9A1E7A4F7556}") = "Foundation2", "final\Foundation2\Foundation2.csproj", "{F75F4E7E-A5BA-49E6-921F-80CC4C9E2B70}"
EndProject
Project("{2150E333-8FDC-42A3-9474-1A3956D46DE8}") = "csharp-prep", "csharp-prep", "{E382AC6A-C22A-4317-8EDA-D7523B399DCE}"
EndProject
Project("{9A19103F-16F7-4668-BE54-9A1E7A4F7556}") = "Prep1", "csharp-prep\Prep1\Prep1.csproj", "{E5A020D3-ECF7-4429-A4C7-6AB796051D68}"
EndProject
Project("{9A19103F-16F7-4668-BE54-9A1E7A4F7556}") = "Prep5", "csharp-prep\Prep5\Prep5.csproj", "{7BC6BDF1-E879-4460-A6FF-AE8CE0CAAB10}"
EndProject
Project("{9A19103F-16F7-4668-BE54-9A1E7A4F7556}") = "Prep2", "csharp-prep\Prep2\Prep2.csproj", "{9C02FF88-9E8B-48F0-B772-512E63C8D499}"
EndProject
Project("{9A19103F-16F7-4668-BE54-9A1E7A4F7556}") = "Prep3", "csharp-prep\Prep3\Prep3.csproj", "{29DB834F-94B8-4973-A74C-6E48453C2152}"
EndProject
Project("{9A19103F-16F7-4668-BE54-9A1E7A4F7556}") = "Prep4", "csharp-prep\Prep4\Prep4.csproj", "{2AB838DC-9C4B-46B6-8040-601BC8940AB2}"
EndProject
Global
	GlobalSection(SolutionConfigurationPlatforms) = preSolution
		Debug|Any CPU = Debug|Any CPU
		Release|Any CPU = Release|Any CPU
	EndGlobalSection
	GlobalSection(ProjectConfigurationPlatforms) = postSolution
		{159F06A4-2C6F-45B4-8C31-48CA55E38B4B}.Debug|Any CPU.ActiveCfg = Debug|Any CPU
		{159F06A4-2C6F-45B4-8C31-48CA55E38B4B}.Debug|Any CPU.Build.0 = Debug|Any CPU
		{159F06A4-2C6F-45B4-8C31-48CA55E38B4B}.Release|Any CPU.ActiveCfg = Release|Any CPU
		{159F06A4-2C6F-45B4-8C31-48CA55E38B4B}.Release|Any CPU.Build.0 = Release|Any CPU
		{4EE5E14F-415B-4753-805E-1DE02E713142}.Debug|Any CPU.ActiveCfg = Debug|Any CPU
		{4EE5E14F-415B-4753-805E-1DE02E713142}.Debug|Any CPU.Build.0 = Debug|Any CPU
		{4EE5E14F-415B-4753-805E-1DE02E713142}.Release|Any CPU.ActiveCfg = Release|Any CPU
		{4EE5E14F-415B-4753-805E-1DE02E713142}.Release|Any CPU.Build.0 = Release|Any CPU
		{53A0A6B9-B14B-4B43-94ED-2535283748C7}.Debug|Any CPU.ActiveCfg = Debug|Any CPU
		{53A0A6B9-B14B-4B43-94ED-2535283748C7}.Debug|Any CPU.Build.0 = Debug|Any CPU
		{53A0A6B9-B14B-4B43-94ED-2535283748C7}.Release|Any CPU.ActiveCfg = Release|Any CPU
		{53A0A6B9-B14B-4B43-94ED-2535283748C7}.Release|Any CPU.Build.0 = Release|Any CPU
		{C33F9072-24E4-4B08-A990-7A25E1BF1777}.Debug|Any CPU.ActiveCfg = Debug|Any CPU
		{C33F9072-24E4-4B08-A990-7A25E1BF1777}.Debug|Any CPU.Build.0 = Debug|Any CPU
		{C33F9072-24E4-4B08-A990-7A25E1BF1777}.Release|Any CPU.ActiveCfg = Release|Any CPU
		{C33F9072-24E4-4B08-A990-7A25E1BF1777}.Release|Any CPU.Build.0 = Release|Any CPU
		{5B465182-ACF1-403E-8EA2-F0A9EF18141C}.Debug|Any CPU.ActiveCfg = Debug|Any CPU
		{5B465182-ACF1-403E-8EA2-F0A9EF18141C}.Debug|Any CPU.Build.0 = Debug|Any CPU
		{5B465182-ACF1-403E-8EA2-F0A9EF18141C}.Release|Any CPU.ActiveCfg = Release|Any CPU
		{5B465182-ACF1-403E-8EA2-F0A9EF18141C}.Release|Any CPU.Build.0 = Release|Any CPU
		{BBE08510-FBA0-45D8-A930-983704C0EF30}.Debug|Any CPU.ActiveCfg = Debug|Any CPU
		{BBE08510-FBA0-45D8-A930-983704C0EF30}.Debug|Any CPU.Build.0 = Debug|Any CPU
		{BBE08510-FBA0-45D8-A930-983704C0EF30}.Release|Any CPU.ActiveCfg = Release|Any CPU
		{BBE08510-FBA0-45D8-A930-983704C0EF30}.Release|Any CPU.Build.0 = Release|Any CPU
		{0B35AB73-A585-4E3C-ADA4-E66D38BA8283}.Debug|Any CPU.ActiveCfg = Debug|Any CPU
		{0B35AB73-A585-4E3C-ADA4-E66D38BA8283}.Debug|Any CPU.Build.0 = Debug|Any CPU
		{0B35AB73-A585-4E3C-ADA4-E66D38BA8283}.Release|Any CPU.ActiveCfg = Release|Any CPU
		{0B35AB73-A585-4E3C-ADA4-E66D38BA8283}.Release|Any CPU.Build.0 = Release|Any CPU
		{EE50A4BE-CB6F-4768-BE49-6EFBAE1E01AE}.Debug|Any CPU.ActiveCfg = Debug|Any CPU
		{EE50A4BE-CB6F-4768-BE49-6EFBAE1E01AE}.Debug|Any CPU.Build.0 = Debug|Any CPU
		{EE50A4BE-CB6F-4768-BE49-6EFBAE1E01AE}.Release|Any CPU.ActiveCfg = Release|Any CPU
		{EE50A4BE-CB6F-4768-BE49-6EFBAE1E01AE}.Release|Any CPU.Build.0 = Release|Any CPU
		{5399FFD0-5A04-4B2C-A3EF-8777A58D4F67}.Debug|Any CPU.ActiveCfg = Debug|Any CPU
		{5399FFD0-5A04-4B2C-A3EF-8777A58D4F67}.Debug|Any CPU.Build.0 = Debug|Any CPU
		{5399FFD0-5A04-4B2C-A3EF-8777A58D4F67}.Release|Any CPU.ActiveCfg = Release|Any CPU
		{5399FFD0-5A04-4B2C-A3EF-8777A58D4F67}.Release|Any CPU.Build.0 = Release|Any CPU
		{720E05C7-4AD4-4DE2-B179-64FC82304CD9}.Debug|Any CPU.ActiveCfg = Debug|Any CPU
		{720E05C7-4AD4-4DE2-B179-64FC82304CD9}.Debug|Any CPU.Build.0 = Debug|Any CPU
		{720E05C7-4AD4-4DE2-B179-64FC82304CD9}.Release|Any CPU.ActiveCfg = Release|Any CPU
		{720E05C7-4AD4-4DE2-B179-64FC82304CD9}.Release|Any CPU.Build.0 = Release|Any CPU
		{5F10DE16-D094-4A81-92B1-1F1BA8C08CAD}.Debug|Any CPU.ActiveCfg = Debug|Any CPU
		{5F10DE16-D094-4A81-92B1-1F1BA8C08CAD}.Debug|Any CPU.Build.0 = Debug|Any CPU
		{5F10DE16-D094-4A81-92B1-1F1BA8C08CAD}.Release|Any CPU.ActiveCfg = Release|Any CPU
		{5F10DE16-D094-4A81-92B1-1F1BA8C08CAD}.Release|Any CPU.Build.0 = Release|Any CPU
		{30A35E38-20FB-4737-BED0-ADB28140A737}.Debug|Any CPU.ActiveCfg = Debug|Any CPU
		{30A35E38-20FB-4737-BED0-ADB28140A737}.Debug|Any CPU.Build.0 = Debug|Any CPU
		{30A35E38-20FB-4737-BED0-ADB28140A737}.Release|Any CPU.ActiveCfg = Release|Any CPU
		{30A35E38-20FB-4737-BED0-ADB28140A737}.Release|Any CPU.Build.0 = Release|Any CPU
		{1332C774-3FF5-4F0F-93CB-7428FEB784B3}.Debug|Any CPU.ActiveCfg = Debug|Any CPU
		{1332C774-3FF5-4F0F-93CB-7428FEB784B3}.Debug|Any CPU.Build.0 = Debug|Any CPU
		{1332C774-3FF5-4F0F-93CB-7428FEB784B3}.Release|Any CPU.ActiveCfg = Release|Any CPU
		{1332C774-3FF5-4F0F-93CB-7428FEB784B3}.Release|Any CPU.Build.0 = Release|Any CPU
		{F75F4E7E-A5BA-49E6-921F-80CC4C9E2B70}.Debug|Any CPU.ActiveCfg = Debug|Any CPU
		{F75F4E7E-A5BA-49E6-921F-80CC4C9E2B70}.Debug|Any CPU.Build.0 = Debug|Any CPU
		{F75F4E7E-A5BA-49E6-921F-80CC4C9E2B70}.Release|Any CPU.ActiveCfg = Release|Any CPU
		{F75F4E7E-A5BA-49E6-921F-80CC4C9E2B70}.Release|Any CPU.Build.0 = Release|Any CPU
		{E5A020D3-ECF7-4429-A4C7-6AB796051D68}.Debug|Any CPU.ActiveCfg = Debug|Any CPU
		{E5A020D3-ECF7-4429-A4C7-6AB796051D68}.Debug|Any CPU.Build.0 = Debug|Any CPU
		{E5A020D3-ECF7-4429-A4C7-6AB796051D68}.Release|Any CPU.ActiveCfg = Release|Any CPU
		{E5A020D3-ECF7-4429-A4C7-6AB796051D68}.Release|Any CPU.Build.0 = Release|Any CPU
		{7BC6BDF1-E879-4460-A6FF-AE8CE0CAAB10}.Debug|Any CPU.ActiveCfg = Debug|Any CPU
		{7BC6BDF1-E879-4460-A6FF-AE8CE0CAAB10}.Debug|Any CPU.Build.0 = Debug|Any CPU
		{7BC6BDF1-E879-4460-A6FF-AE8CE0CAAB10}.Release|Any CPU.ActiveCfg = Release|Any CPU
		{7BC6BDF1-E879-4460-A6FF-AE8CE0CAAB10}.Release|Any CPU.Build.0 = Release|Any CPU
		{9C02FF88-9E8B-48F0-B772-512E63C8D499}.Debug|Any CPU.ActiveCfg = Debug|Any CPU
		{9C02FF88-9E8B-48F0-B772-512E63C8D499}.Debug|Any CPU.Build.0 = Debug|Any CPU
		{9C02FF88-9E8B-48F0-B772-512E63C8D499}.Release|Any CPU.ActiveCfg = Release|Any CPU
		{9C02FF88-9E8B-48F0-B772-512E63C8D499}.Release|Any CPU.Build.0 = Release|Any CPU
		{29DB834F-94B8-4973-A74C-6E48453C2152}.Debug|Any CPU.ActiveCfg = Debug|Any CPU
		{29DB834F-94B8-4973-A74C-6E48453C2152}.Debug|Any CPU.Build.0 = Debug|Any CPU
		{29DB834F-94B8-4973-A74C-6E48453C2152}.Release|Any CPU.ActiveCfg = Release|Any CPU
		{29DB834F-94B8-4973-A74C-6E48453C2152}.Release|Any CPU.Build.0 = Release|Any CPU
		{2AB838DC-9C4B-46B6-8040-601BC8940AB2}.Debug|Any CPU.ActiveCfg = Debug|Any CPU
		{2AB838DC-9C4B-46B6-8040-601BC8940AB2}.Debug|Any CPU.Build.0 = Debug|Any CPU
		{2AB838DC-9C4B-46B6-8040-601BC8940AB2}.Release|Any CPU.ActiveCfg = Release|Any CPU
		{2AB838DC-9C4B-46B6-8040-601BC8940AB2}.Release|Any CPU.Build.0 = Release|Any CPU
	EndGlobalSection
	GlobalSection(SolutionProperties) = preSolution
		HideSolutionNode = FALSE
	EndGlobalSection
	GlobalSection(NestedProjects) = preSolution
		{159F06A4-2C6F-45B4-8C31-48CA55E38B4B} = {63245E83-635D-4C68-9FCA-2E9E9352ACF3}
		{4EE5E14F-415B-4753-805E-1DE02E713142} = {63245E83-635D-4C68-9FCA-2E9E9352ACF3}
		{53A0A6B9-B14B-4B43-94ED-2535283748C7} = {63245E83-635D-4C68-9FCA-2E9E9352ACF3}
		{C33F9072-24E4-4B08-A990-7A25E1BF1777} = {63245E83-635D-4C68-9FCA-2E9E9352ACF3}
		{5B465182-ACF1-403E-8EA2-F0A9EF18141C} = {140F3764-828E-49C9-9DE5-D0BAAFDA9129}
		{BBE08510-FBA0-45D8-A930-983704C0EF30} = {140F3764-828E-49C9-9DE5-D0BAAFDA9129}
		{0B35AB73-A585-4E3C-ADA4-E66D38BA8283} = {140F3764-828E-49C9-9DE5-D0BAAFDA9129}
		{EE50A4BE-CB6F-4768-BE49-6EFBAE1E01AE} = {140F3764-828E-49C9-9DE5-D0BAAFDA9129}
		{5399FFD0-5A04-4B2C-A3EF-8777A58D4F67} = {62E8F1DA-18A6-4486-BC20-807474497E3B}
		{720E05C7-4AD4-4DE2-B179-64FC82304CD9} = {B6F9A3DF-6D77-4FAB-940D-77E1E0782483}
		{5F10DE16-D094-4A81-92B1-1F1BA8C08CAD} = {B6F9A3DF-6D77-4FAB-940D-77E1E0782483}
		{30A35E38-20FB-4737-BED0-ADB28140A737} = {B6F9A3DF-6D77-4FAB-940D-77E1E0782483}
		{1332C774-3FF5-4F0F-93CB-7428FEB784B3} = {B6F9A3DF-6D77-4FAB-940D-77E1E0782483}
		{F75F4E7E-A5BA-49E6-921F-80CC4C9E2B70} = {B6F9A3DF-6D77-4FAB-940D-77E1E0782483}
		{E5A020D3-ECF7-4429-A4C7-6AB796051D68} = {E382AC6A-C22A-4317-8EDA-D7523B399DCE}
		{7BC6BDF1-E879-4460-A6FF-AE8CE0CAAB10} = {E382AC6A-C22A-4317-8EDA-D7523B399DCE}
		{9C02FF88-9E8B-48F0-B772-512E63C8D499} = {E382AC6A-C22A-4317-8EDA-D7523B399DCE}
		{29DB834F-94B8-4973-A74C-6E48453C2152} = {E382AC6A-C22A-4317-8EDA-D7523B399DCE}
		{2AB838DC-9C4B-46B6-8040-601BC8940AB2} = {E382AC6A-C22A-4317-8EDA-D7523B399DCE}
	EndGlobalSection
	GlobalSection(ExtensibilityGlobals) = postSolution
		SolutionGuid = {09281881-2281-4578-87C6-792911131736}
	EndGlobalSection
EndGlobal
